
Microsoft Visual Studio Solution File, Format Version 12.00
Project("{FAE04EC0-301F-11D3-BF4B-00C04F79EFBC}") = "AgileroC", "AgileroC\AgileroC.csproj", "{0A194D18-E653-46F0-9ADC-438F5BE608CF}"
EndProject
Project("{FAE04EC0-301F-11D3-BF4B-00C04F79EFBC}") = "AgileroC.Tests", "AgileroC.Tests\AgileroC.Tests.csproj", "{8D01C441-BBA0-4915-8E34-F24121A36367}"
EndProject
Global
	GlobalSection(SolutionConfigurationPlatforms) = preSolution
		Debug|Any CPU = Debug|Any CPU
		Release|Any CPU = Release|Any CPU
	EndGlobalSection
	GlobalSection(ProjectConfigurationPlatforms) = postSolution
		{0A194D18-E653-46F0-9ADC-438F5BE608CF}.Debug|Any CPU.ActiveCfg = Debug|Any CPU
		{0A194D18-E653-46F0-9ADC-438F5BE608CF}.Debug|Any CPU.Build.0 = Debug|Any CPU
		{0A194D18-E653-46F0-9ADC-438F5BE608CF}.Release|Any CPU.ActiveCfg = Release|Any CPU
		{0A194D18-E653-46F0-9ADC-438F5BE608CF}.Release|Any CPU.Build.0 = Release|Any CPU
		{8D01C441-BBA0-4915-8E34-F24121A36367}.Debug|Any CPU.ActiveCfg = Debug|Any CPU
		{8D01C441-BBA0-4915-8E34-F24121A36367}.Debug|Any CPU.Build.0 = Debug|Any CPU
		{8D01C441-BBA0-4915-8E34-F24121A36367}.Release|Any CPU.ActiveCfg = Release|Any CPU
		{8D01C441-BBA0-4915-8E34-F24121A36367}.Release|Any CPU.Build.0 = Release|Any CPU
	EndGlobalSection
EndGlobal
